
Microsoft Visual Studio Solution File, Format Version 12.00
# Visual Studio 15
VisualStudioVersion = 15.0.26403.3
MinimumVisualStudioVersion = 10.0.40219.1
Project("{FAE04EC0-301F-11D3-BF4B-00C04F79EFBC}") = "Phoneword", "Phoneword\Phoneword.csproj", "{0D651A83-BB78-4AEB-9570-10ACF2B34A8E}"
EndProject
Global
	GlobalSection(SolutionConfigurationPlatforms) = preSolution
		Ad-Hoc|iPhone = Ad-Hoc|iPhone
		Ad-Hoc|iPhoneSimulator = Ad-Hoc|iPhoneSimulator
		AppStore|iPhone = AppStore|iPhone
		AppStore|iPhoneSimulator = AppStore|iPhoneSimulator
		Debug|iPhone = Debug|iPhone
		Debug|iPhoneSimulator = Debug|iPhoneSimulator
		Release|iPhone = Release|iPhone
		Release|iPhoneSimulator = Release|iPhoneSimulator
	EndGlobalSection
	GlobalSection(ProjectConfigurationPlatforms) = postSolution
		{0D651A83-BB78-4AEB-9570-10ACF2B34A8E}.Ad-Hoc|iPhone.ActiveCfg = Ad-Hoc|iPhone
		{0D651A83-BB78-4AEB-9570-10ACF2B34A8E}.Ad-Hoc|iPhone.Build.0 = Ad-Hoc|iPhone
		{0D651A83-BB78-4AEB-9570-10ACF2B34A8E}.Ad-Hoc|iPhoneSimulator.ActiveCfg = Ad-Hoc|iPhoneSimulator
		{0D651A83-BB78-4AEB-9570-10ACF2B34A8E}.Ad-Hoc|iPhoneSimulator.Build.0 = Ad-Hoc|iPhoneSimulator
		{0D651A83-BB78-4AEB-9570-10ACF2B34A8E}.AppStore|iPhone.ActiveCfg = AppStore|iPhone
		{0D651A83-BB78-4AEB-9570-10ACF2B34A8E}.AppStore|iPhone.Build.0 = AppStore|iPhone
		{0D651A83-BB78-4AEB-9570-10ACF2B34A8E}.AppStore|iPhoneSimulator.ActiveCfg = AppStore|iPhoneSimulator
		{0D651A83-BB78-4AEB-9570-10ACF2B34A8E}.AppStore|iPhoneSimulator.Build.0 = AppStore|iPhoneSimulator
		{0D651A83-BB78-4AEB-9570-10ACF2B34A8E}.Debug|iPhone.ActiveCfg = Debug|iPhone
		{0D651A83-BB78-4AEB-9570-10ACF2B34A8E}.Debug|iPhone.Build.0 = Debug|iPhone
		{0D651A83-BB78-4AEB-9570-10ACF2B34A8E}.Debug|iPhoneSimulator.ActiveCfg = Debug|iPhoneSimulator
		{0D651A83-BB78-4AEB-9570-10ACF2B34A8E}.Debug|iPhoneSimulator.Build.0 = Debug|iPhoneSimulator
		{0D651A83-BB78-4AEB-9570-10ACF2B34A8E}.Release|iPhone.ActiveCfg = Release|iPhone
		{0D651A83-BB78-4AEB-9570-10ACF2B34A8E}.Release|iPhone.Build.0 = Release|iPhone
		{0D651A83-BB78-4AEB-9570-10ACF2B34A8E}.Release|iPhoneSimulator.ActiveCfg = Release|iPhoneSimulator
		{0D651A83-BB78-4AEB-9570-10ACF2B34A8E}.Release|iPhoneSimulator.Build.0 = Release|iPhoneSimulator
	EndGlobalSection
	GlobalSection(SolutionProperties) = preSolution
		HideSolutionNode = FALSE
	EndGlobalSection
EndGlobal
